// !$*UTF8*$!
{
	archiveVersion = 1;
	classes = {
	};
	objectVersion = 50;
	objects = {

/* Begin PBXBuildFile section */
		639EE57522306AA900417D3E /* AppDelegate.swift in Sources */ = {isa = PBXBuildFile; fileRef = 639EE57422306AA900417D3E /* AppDelegate.swift */; };
		639EE57A22306AA900417D3E /* Main.storyboard in Resources */ = {isa = PBXBuildFile; fileRef = 639EE57822306AA900417D3E /* Main.storyboard */; };
		639EE57C22306AAA00417D3E /* Assets.xcassets in Resources */ = {isa = PBXBuildFile; fileRef = 639EE57B22306AAA00417D3E /* Assets.xcassets */; };
		639EE57F22306AAA00417D3E /* LaunchScreen.storyboard in Resources */ = {isa = PBXBuildFile; fileRef = 639EE57D22306AAA00417D3E /* LaunchScreen.storyboard */; };
		639EE58822307A5700417D3E /* WelcomeBoardViewController.swift in Sources */ = {isa = PBXBuildFile; fileRef = 639EE58722307A5700417D3E /* WelcomeBoardViewController.swift */; };
		639EE58A22307F3B00417D3E /* RegisterBoardViewController.swift in Sources */ = {isa = PBXBuildFile; fileRef = 639EE58922307F3B00417D3E /* RegisterBoardViewController.swift */; };
		639EE58C2230EBC900417D3E /* LogInBoardViewController.swift in Sources */ = {isa = PBXBuildFile; fileRef = 639EE58B2230EBC900417D3E /* LogInBoardViewController.swift */; };
		639EE58E2230EC3900417D3E /* ChatBoardViewController.swift in Sources */ = {isa = PBXBuildFile; fileRef = 639EE58D2230EC3900417D3E /* ChatBoardViewController.swift */; };
/* End PBXBuildFile section */

/* Begin PBXFileReference section */
		639EE57122306AA900417D3E /* CSC371FinalProject.app */ = {isa = PBXFileReference; explicitFileType = wrapper.application; includeInIndex = 0; path = CSC371FinalProject.app; sourceTree = BUILT_PRODUCTS_DIR; };
		639EE57422306AA900417D3E /* AppDelegate.swift */ = {isa = PBXFileReference; lastKnownFileType = sourcecode.swift; path = AppDelegate.swift; sourceTree = "<group>"; };
		639EE57922306AA900417D3E /* Base */ = {isa = PBXFileReference; lastKnownFileType = file.storyboard; name = Base; path = Base.lproj/Main.storyboard; sourceTree = "<group>"; };
		639EE57B22306AAA00417D3E /* Assets.xcassets */ = {isa = PBXFileReference; lastKnownFileType = folder.assetcatalog; path = Assets.xcassets; sourceTree = "<group>"; };
		639EE57E22306AAA00417D3E /* Base */ = {isa = PBXFileReference; lastKnownFileType = file.storyboard; name = Base; path = Base.lproj/LaunchScreen.storyboard; sourceTree = "<group>"; };
		639EE58022306AAA00417D3E /* Info.plist */ = {isa = PBXFileReference; lastKnownFileType = text.plist.xml; path = Info.plist; sourceTree = "<group>"; };
		639EE58722307A5700417D3E /* WelcomeBoardViewController.swift */ = {isa = PBXFileReference; lastKnownFileType = sourcecode.swift; path = WelcomeBoardViewController.swift; sourceTree = "<group>"; };
		639EE58922307F3B00417D3E /* RegisterBoardViewController.swift */ = {isa = PBXFileReference; lastKnownFileType = sourcecode.swift; path = RegisterBoardViewController.swift; sourceTree = "<group>"; };
		639EE58B2230EBC900417D3E /* LogInBoardViewController.swift */ = {isa = PBXFileReference; lastKnownFileType = sourcecode.swift; path = LogInBoardViewController.swift; sourceTree = "<group>"; };
		639EE58D2230EC3900417D3E /* ChatBoardViewController.swift */ = {isa = PBXFileReference; lastKnownFileType = sourcecode.swift; path = ChatBoardViewController.swift; sourceTree = "<group>"; };
/* End PBXFileReference section */

/* Begin PBXFrameworksBuildPhase section */
		639EE56E22306AA900417D3E /* Frameworks */ = {
			isa = PBXFrameworksBuildPhase;
			buildActionMask = 2147483647;
			files = (
			);
			runOnlyForDeploymentPostprocessing = 0;
		};
/* End PBXFrameworksBuildPhase section */

/* Begin PBXGroup section */
		639EE56822306AA900417D3E = {
			isa = PBXGroup;
			children = (
				639EE57322306AA900417D3E /* CSC371FinalProject */,
				639EE57222306AA900417D3E /* Products */,
			);
			sourceTree = "<group>";
		};
		639EE57222306AA900417D3E /* Products */ = {
			isa = PBXGroup;
			children = (
				639EE57122306AA900417D3E /* CSC371FinalProject.app */,
			);
			name = Products;
			sourceTree = "<group>";
		};
		639EE57322306AA900417D3E /* CSC371FinalProject */ = {
			isa = PBXGroup;
			children = (
				639EE57422306AA900417D3E /* AppDelegate.swift */,
				639EE57822306AA900417D3E /* Main.storyboard */,
				639EE58D2230EC3900417D3E /* ChatBoardViewController.swift */,
				639EE58B2230EBC900417D3E /* LogInBoardViewController.swift */,
				639EE58922307F3B00417D3E /* RegisterBoardViewController.swift */,
				639EE58722307A5700417D3E /* WelcomeBoardViewController.swift */,
				639EE57D22306AAA00417D3E /* LaunchScreen.storyboard */,
				639EE57B22306AAA00417D3E /* Assets.xcassets */,
				639EE58022306AAA00417D3E /* Info.plist */,
			);
			path = CSC371FinalProject;
			sourceTree = "<group>";
		};
/* End PBXGroup section */

/* Begin PBXNativeTarget section */
		639EE57022306AA900417D3E /* CSC371FinalProject */ = {
			isa = PBXNativeTarget;
			buildConfigurationList = 639EE58322306AAA00417D3E /* Build configuration list for PBXNativeTarget "CSC371FinalProject" */;
			buildPhases = (
				639EE56D22306AA900417D3E /* Sources */,
				639EE56E22306AA900417D3E /* Frameworks */,
				639EE56F22306AA900417D3E /* Resources */,
			);
			buildRules = (
			);
			dependencies = (
			);
			name = CSC371FinalProject;
			productName = CSC371FinalProject;
			productReference = 639EE57122306AA900417D3E /* CSC371FinalProject.app */;
			productType = "com.apple.product-type.application";
		};
/* End PBXNativeTarget section */

/* Begin PBXProject section */
		639EE56922306AA900417D3E /* Project object */ = {
			isa = PBXProject;
			attributes = {
				LastSwiftUpdateCheck = 1010;
				LastUpgradeCheck = 1010;
				ORGANIZATIONNAME = "Nathaniel Alvarado";
				TargetAttributes = {
					639EE57022306AA900417D3E = {
						CreatedOnToolsVersion = 10.1;
					};
				};
			};
			buildConfigurationList = 639EE56C22306AA900417D3E /* Build configuration list for PBXProject "CSC371FinalProject" */;
			compatibilityVersion = "Xcode 9.3";
			developmentRegion = en;
			hasScannedForEncodings = 0;
			knownRegions = (
				en,
				Base,
			);
			mainGroup = 639EE56822306AA900417D3E;
			productRefGroup = 639EE57222306AA900417D3E /* Products */;
			projectDirPath = "";
			projectRoot = "";
			targets = (
				639EE57022306AA900417D3E /* CSC371FinalProject */,
			);
		};
/* End PBXProject section */

/* Begin PBXResourcesBuildPhase section */
		639EE56F22306AA900417D3E /* Resources */ = {
			isa = PBXResourcesBuildPhase;
			buildActionMask = 2147483647;
			files = (
				639EE57F22306AAA00417D3E /* LaunchScreen.storyboard in Resources */,
				639EE57C22306AAA00417D3E /* Assets.xcassets in Resources */,
				639EE57A22306AA900417D3E /* Main.storyboard in Resources */,
			);
			runOnlyForDeploymentPostprocessing = 0;
		};
/* End PBXResourcesBuildPhase section */

/* Begin PBXSourcesBuildPhase section */
		639EE56D22306AA900417D3E /* Sources */ = {
			isa = PBXSourcesBuildPhase;
			buildActionMask = 2147483647;
			files = (
				639EE58A22307F3B00417D3E /* RegisterBoardViewController.swift in Sources */,
				639EE58E2230EC3900417D3E /* ChatBoardViewController.swift in Sources */,
				639EE58C2230EBC900417D3E /* LogInBoardViewController.swift in Sources */,
				639EE58822307A5700417D3E /* WelcomeBoardViewController.swift in Sources */,
				639EE57522306AA900417D3E /* AppDelegate.swift in Sources */,
			);
			runOnlyForDeploymentPostprocessing = 0;
		};
/* End PBXSourcesBuildPhase section */

/* Begin PBXVariantGroup section */
		639EE57822306AA900417D3E /* Main.storyboard */ = {
			isa = PBXVariantGroup;
			children = (
				639EE57922306AA900417D3E /* Base */,
			);
			name = Main.storyboard;
			sourceTree = "<group>";
		};
		639EE57D22306AAA00417D3E /* LaunchScreen.storyboard */ = {
			isa = PBXVariantGroup;
			children = (
				639EE57E22306AAA00417D3E /* Base */,
			);
			name = LaunchScreen.storyboard;
			sourceTree = "<group>";
		};
/* End PBXVariantGroup section */

/* Begin XCBuildConfiguration section */
		639EE58122306AAA00417D3E /* Debug */ = {
			isa = XCBuildConfiguration;
			buildSettings = {
				ALWAYS_SEARCH_USER_PATHS = NO;
				CLANG_ANALYZER_NONNULL = YES;
				CLANG_ANALYZER_NUMBER_OBJECT_CONVERSION = YES_AGGRESSIVE;
				CLANG_CXX_LANGUAGE_STANDARD = "gnu++14";
				CLANG_CXX_LIBRARY = "libc++";
				CLANG_ENABLE_MODULES = YES;
				CLANG_ENABLE_OBJC_ARC = YES;
				CLANG_ENABLE_OBJC_WEAK = YES;
				CLANG_WARN_BLOCK_CAPTURE_AUTORELEASING = YES;
				CLANG_WARN_BOOL_CONVERSION = YES;
				CLANG_WARN_COMMA = YES;
				CLANG_WARN_CONSTANT_CONVERSION = YES;
				CLANG_WARN_DEPRECATED_OBJC_IMPLEMENTATIONS = YES;
				CLANG_WARN_DIRECT_OBJC_ISA_USAGE = YES_ERROR;
				CLANG_WARN_DOCUMENTATION_COMMENTS = YES;
				CLANG_WARN_EMPTY_BODY = YES;
				CLANG_WARN_ENUM_CONVERSION = YES;
				CLANG_WARN_INFINITE_RECURSION = YES;
				CLANG_WARN_INT_CONVERSION = YES;
				CLANG_WARN_NON_LITERAL_NULL_CONVERSION = YES;
				CLANG_WARN_OBJC_IMPLICIT_RETAIN_SELF = YES;
				CLANG_WARN_OBJC_LITERAL_CONVERSION = YES;
				CLANG_WARN_OBJC_ROOT_CLASS = YES_ERROR;
				CLANG_WARN_RANGE_LOOP_ANALYSIS = YES;
				CLANG_WARN_STRICT_PROTOTYPES = YES;
				CLANG_WARN_SUSPICIOUS_MOVE = YES;
				CLANG_WARN_UNGUARDED_AVAILABILITY = YES_AGGRESSIVE;
				CLANG_WARN_UNREACHABLE_CODE = YES;
				CLANG_WARN__DUPLICATE_METHOD_MATCH = YES;
				CODE_SIGN_IDENTITY = "iPhone Developer";
				COPY_PHASE_STRIP = NO;
				DEBUG_INFORMATION_FORMAT = dwarf;
				ENABLE_STRICT_OBJC_MSGSEND = YES;
				ENABLE_TESTABILITY = YES;
				GCC_C_LANGUAGE_STANDARD = gnu11;
				GCC_DYNAMIC_NO_PIC = NO;
				GCC_NO_COMMON_BLOCKS = YES;
				GCC_OPTIMIZATION_LEVEL = 0;
				GCC_PREPROCESSOR_DEFINITIONS = (
					"DEBUG=1",
					"$(inherited)",
				);
				GCC_WARN_64_TO_32_BIT_CONVERSION = YES;
				GCC_WARN_ABOUT_RETURN_TYPE = YES_ERROR;
				GCC_WARN_UNDECLARED_SELECTOR = YES;
				GCC_WARN_UNINITIALIZED_AUTOS = YES_AGGRESSIVE;
				GCC_WARN_UNUSED_FUNCTION = YES;
				GCC_WARN_UNUSED_VARIABLE = YES;
				IPHONEOS_DEPLOYMENT_TARGET = 12.1;
				MTL_ENABLE_DEBUG_INFO = INCLUDE_SOURCE;
				MTL_FAST_MATH = YES;
				ONLY_ACTIVE_ARCH = YES;
				SDKROOT = iphoneos;
				SWIFT_ACTIVE_COMPILATION_CONDITIONS = DEBUG;
				SWIFT_OPTIMIZATION_LEVEL = "-Onone";
			};
			name = Debug;
		};
		639EE58222306AAA00417D3E /* Release */ = {
			isa = XCBuildConfiguration;
			buildSettings = {
				ALWAYS_SEARCH_USER_PATHS = NO;
				CLANG_ANALYZER_NONNULL = YES;
				CLANG_ANALYZER_NUMBER_OBJECT_CONVERSION = YES_AGGRESSIVE;
				CLANG_CXX_LANGUAGE_STANDARD = "gnu++14";
				CLANG_CXX_LIBRARY = "libc++";
				CLANG_ENABLE_MODULES = YES;
				CLANG_ENABLE_OBJC_ARC = YES;
				CLANG_ENABLE_OBJC_WEAK = YES;
				CLANG_WARN_BLOCK_CAPTURE_AUTORELEASING = YES;
				CLANG_WARN_BOOL_CONVERSION = YES;
				CLANG_WARN_COMMA = YES;
				CLANG_WARN_CONSTANT_CONVERSION = YES;
				CLANG_WARN_DEPRECATED_OBJC_IMPLEMENTATIONS = YES;
				CLANG_WARN_DIRECT_OBJC_ISA_USAGE = YES_ERROR;
				CLANG_WARN_DOCUMENTATION_COMMENTS = YES;
				CLANG_WARN_EMPTY_BODY = YES;
				CLANG_WARN_ENUM_CONVERSION = YES;
				CLANG_WARN_INFINITE_RECURSION = YES;
				CLANG_WARN_INT_CONVERSION = YES;
				CLANG_WARN_NON_LITERAL_NULL_CONVERSION = YES;
				CLANG_WARN_OBJC_IMPLICIT_RETAIN_SELF = YES;
				CLANG_WARN_OBJC_LITERAL_CONVERSION = YES;
				CLANG_WARN_OBJC_ROOT_CLASS = YES_ERROR;
				CLANG_WARN_RANGE_LOOP_ANALYSIS = YES;
				CLANG_WARN_STRICT_PROTOTYPES = YES;
				CLANG_WARN_SUSPICIOUS_MOVE = YES;
				CLANG_WARN_UNGUARDED_AVAILABILITY = YES_AGGRESSIVE;
				CLANG_WARN_UNREACHABLE_CODE = YES;
				CLANG_WARN__DUPLICATE_METHOD_MATCH = YES;
				CODE_SIGN_IDENTITY = "iPhone Developer";
				COPY_PHASE_STRIP = NO;
				DEBUG_INFORMATION_FORMAT = "dwarf-with-dsym";
				ENABLE_NS_ASSERTIONS = NO;
				ENABLE_STRICT_OBJC_MSGSEND = YES;
				GCC_C_LANGUAGE_STANDARD = gnu11;
				GCC_NO_COMMON_BLOCKS = YES;
				GCC_WARN_64_TO_32_BIT_CONVERSION = YES;
				GCC_WARN_ABOUT_RETURN_TYPE = YES_ERROR;
				GCC_WARN_UNDECLARED_SELECTOR = YES;
				GCC_WARN_UNINITIALIZED_AUTOS = YES_AGGRESSIVE;
				GCC_WARN_UNUSED_FUNCTION = YES;
				GCC_WARN_UNUSED_VARIABLE = YES;
				IPHONEOS_DEPLOYMENT_TARGET = 12.1;
				MTL_ENABLE_DEBUG_INFO = NO;
				MTL_FAST_MATH = YES;
				SDKROOT = iphoneos;
				SWIFT_COMPILATION_MODE = wholemodule;
				SWIFT_OPTIMIZATION_LEVEL = "-O";
				VALIDATE_PRODUCT = YES;
			};
			name = Release;
		};
		639EE58422306AAA00417D3E /* Debug */ = {
			isa = XCBuildConfiguration;
			buildSettings = {
				ASSETCATALOG_COMPILER_APPICON_NAME = AppIcon;
				CODE_SIGN_STYLE = Automatic;
				DEVELOPMENT_TEAM = HJLK5SP7B7;
				INFOPLIST_FILE = CSC371FinalProject/Info.plist;
				LD_RUNPATH_SEARCH_PATHS = (
					"$(inherited)",
					"@executable_path/Frameworks",
				);
				PRODUCT_BUNDLE_IDENTIFIER = com.nathanielalvarado.CSC371FinalProject;
				PRODUCT_NAME = "$(TARGET_NAME)";
				SWIFT_VERSION = 4.2;
				TARGETED_DEVICE_FAMILY = "1,2";
			};
			name = Debug;
		};
		639EE58522306AAA00417D3E /* Release */ = {
			isa = XCBuildConfiguration;
			buildSettings = {
				ASSETCATALOG_COMPILER_APPICON_NAME = AppIcon;
				CODE_SIGN_STYLE = Automatic;
				DEVELOPMENT_TEAM = HJLK5SP7B7;
				INFOPLIST_FILE = CSC371FinalProject/Info.plist;
				LD_RUNPATH_SEARCH_PATHS = (
					"$(inherited)",
					"@executable_path/Frameworks",
				);
				PRODUCT_BUNDLE_IDENTIFIER = com.nathanielalvarado.CSC371FinalProject;
				PRODUCT_NAME = "$(TARGET_NAME)";
				SWIFT_VERSION = 4.2;
				TARGETED_DEVICE_FAMILY = "1,2";
			};
			name = Release;
		};
/* End XCBuildConfiguration section */

/* Begin XCConfigurationList section */
		639EE56C22306AA900417D3E /* Build configuration list for PBXProject "CSC371FinalProject" */ = {
			isa = XCConfigurationList;
			buildConfigurations = (
				639EE58122306AAA00417D3E /* Debug */,
				639EE58222306AAA00417D3E /* Release */,
			);
			defaultConfigurationIsVisible = 0;
			defaultConfigurationName = Release;
		};
		639EE58322306AAA00417D3E /* Build configuration list for PBXNativeTarget "CSC371FinalProject" */ = {
			isa = XCConfigurationList;
			buildConfigurations = (
				639EE58422306AAA00417D3E /* Debug */,
				639EE58522306AAA00417D3E /* Release */,
			);
			defaultConfigurationIsVisible = 0;
			defaultConfigurationName = Release;
		};
/* End XCConfigurationList section */
	};
	rootObject = 639EE56922306AA900417D3E /* Project object */;
}
